GEM
  remote: https://rubygems.org/
  specs:
    base64 (0.3.0)
    bigdecimal (4.0.1)
    csv (3.3.5)
    json (2.18.1)
    logger (1.7.0)
    mustermann (3.0.4)
      ruby2_keywords (~> 0.0.1)
    nio4r (2.7.5)
    puma (7.2.0)
      nio4r (~> 2.0)
    r18n-core (5.0.1)
    rack (3.2.4)
    rack-contrib (2.5.0)
      rack (< 4)
    rack-protection (4.2.1)
      base64 (>= 0.1.0)
      logger (>= 1.6.0)
      rack (>= 3.0.0, < 4)
    rack-session (2.1.1)
      base64 (>= 0.1.0)
      rack (>= 3.0.0)
    rackup (2.3.1)
      rack (>= 3)
    ruby2_keywords (0.0.5)
    sinatra (4.2.1)
      logger (>= 1.6.0)
      mustermann (~> 3.0)
      rack (>= 3.0.0, < 4)
      rack-protection (= 4.2.1)
      rack-session (>= 2.0.0, < 3)
      tilt (~> 2.0)
    sqlite3 (2.9.0-aarch64-linux-gnu)
    sqlite3 (2.9.0-aarch64-linux-musl)
    sqlite3 (2.9.0-arm-linux-gnu)
    sqlite3 (2.9.0-arm-linux-musl)
    sqlite3 (2.9.0-arm64-darwin)
    sqlite3 (2.9.0-x86-linux-gnu)
    sqlite3 (2.9.0-x86-linux-musl)
    sqlite3 (2.9.0-x86_64-darwin)
    sqlite3 (2.9.0-x86_64-linux-gnu)
    sqlite3 (2.9.0-x86_64-linux-musl)
    tilt (2.7.0)

PLATFORMS
  aarch64-linux-gnu
  aarch64-linux-musl
  arm-linux-gnu
  arm-linux-musl
  arm64-darwin
  x86-linux-gnu
  x86-linux-musl
  x86_64-darwin
  x86_64-linux
  x86_64-linux-gnu
  x86_64-linux-musl

DEPENDENCIES
  bigdecimal
  csv
  json
  puma
  r18n-core
  rack
  rack-contrib
  rackup
  sinatra
  sqlite3

BUNDLED WITH
   2.7.1
